
Microsoft Visual Studio Solution File, Format Version 12.00
# Visual Studio Version 17
VisualStudioVersion = 17.4.33110.190
MinimumVisualStudioVersion = 10.0.40219.1
Project("{FAE04EC0-301F-11D3-BF4B-00C04F79EFBC}") = "tryinggithub", "tryinggithub.csproj", "{E1195BFB-4634-4668-A483-A9C2F961497B}"
EndProject
Global
	GlobalSection(SolutionConfigurationPlatforms) = preSolution
		Debug|Any CPU = Debug|Any CPU
		Release|Any CPU = Release|Any CPU
	EndGlobalSection
	GlobalSection(ProjectConfigurationPlatforms) = postSolution
		{E1195BFB-4634-4668-A483-A9C2F961497B}.Debug|Any CPU.ActiveCfg = Debug|Any CPU
		{E1195BFB-4634-4668-A483-A9C2F961497B}.Debug|Any CPU.Build.0 = Debug|Any CPU
		{E1195BFB-4634-4668-A483-A9C2F961497B}.Release|Any CPU.ActiveCfg = Release|Any CPU
		{E1195BFB-4634-4668-A483-A9C2F961497B}.Release|Any CPU.Build.0 = Release|Any CPU
	EndGlobalSection
	GlobalSection(SolutionProperties) = preSolution
		HideSolutionNode = FALSE
	EndGlobalSection
	GlobalSection(ExtensibilityGlobals) = postSolution
		SolutionGuid = {37A22F9B-83F5-4BDB-B08E-F45847ABA605}
	EndGlobalSection
EndGlobal
